// !$*UTF8*$!
{
	archiveVersion = 1;
	classes = {
	};
	objectVersion = 50;
	objects = {

/* Begin PBXBuildFile section */
		282A1BB4235AB5A7001E1E06 /* AppDelegate.swift in Sources */ = {isa = PBXBuildFile; fileRef = 282A1BB3235AB5A7001E1E06 /* AppDelegate.swift */; };
		282A1BB6235AB5A7001E1E06 /* CalculateViewController.swift in Sources */ = {isa = PBXBuildFile; fileRef = 282A1BB5235AB5A7001E1E06 /* CalculateViewController.swift */; };
		282A1BB9235AB5A7001E1E06 /* Main.storyboard in Resources */ = {isa = PBXBuildFile; fileRef = 282A1BB7235AB5A7001E1E06 /* Main.storyboard */; };
		282A1BBB235AB5A8001E1E06 /* Assets.xcassets in Resources */ = {isa = PBXBuildFile; fileRef = 282A1BBA235AB5A8001E1E06 /* Assets.xcassets */; };
		282A1BBE235AB5A8001E1E06 /* LaunchScreen.storyboard in Resources */ = {isa = PBXBuildFile; fileRef = 282A1BBC235AB5A8001E1E06 /* LaunchScreen.storyboard */; };
		282A1BC8235AC3FC001E1E06 /* BMI.swift in Sources */ = {isa = PBXBuildFile; fileRef = 282A1BC7235AC3FC001E1E06 /* BMI.swift */; };
		282A1BCB235AC505001E1E06 /* TestUIProgrammatically.swift in Sources */ = {isa = PBXBuildFile; fileRef = 282A1BCA235AC505001E1E06 /* TestUIProgrammatically.swift */; };
		282A1BCD235AD80B001E1E06 /* ResultViewController.swift in Sources */ = {isa = PBXBuildFile; fileRef = 282A1BCC235AD80B001E1E06 /* ResultViewController.swift */; };
		28ACD5D9235AE47600350E80 /* CalculateBrain.swift in Sources */ = {isa = PBXBuildFile; fileRef = 28ACD5D8235AE47600350E80 /* CalculateBrain.swift */; };
		28F8799E235ADFD900B39792 /* CreditViewController.swift in Sources */ = {isa = PBXBuildFile; fileRef = 28F8799D235ADFD900B39792 /* CreditViewController.swift */; };
/* End PBXBuildFile section */

/* Begin PBXFileReference section */
		282A1BB0235AB5A7001E1E06 /* ios 13600200 week11 project2.app */ = {isa = PBXFileReference; explicitFileType = wrapper.application; includeInIndex = 0; path = "ios 13600200 week11 project2.app"; sourceTree = BUILT_PRODUCTS_DIR; };
		282A1BB3235AB5A7001E1E06 /* AppDelegate.swift */ = {isa = PBXFileReference; lastKnownFileType = sourcecode.swift; path = AppDelegate.swift; sourceTree = "<group>"; };
		282A1BB5235AB5A7001E1E06 /* CalculateViewController.swift */ = {isa = PBXFileReference; lastKnownFileType = sourcecode.swift; path = CalculateViewController.swift; sourceTree = "<group>"; };
		282A1BB8235AB5A7001E1E06 /* Base */ = {isa = PBXFileReference; lastKnownFileType = file.storyboard; name = Base; path = Base.lproj/Main.storyboard; sourceTree = "<group>"; };
		282A1BBA235AB5A8001E1E06 /* Assets.xcassets */ = {isa = PBXFileReference; lastKnownFileType = folder.assetcatalog; path = Assets.xcassets; sourceTree = "<group>"; };
		282A1BBD235AB5A8001E1E06 /* Base */ = {isa = PBXFileReference; lastKnownFileType = file.storyboard; name = Base; path = Base.lproj/LaunchScreen.storyboard; sourceTree = "<group>"; };
		282A1BBF235AB5A8001E1E06 /* Info.plist */ = {isa = PBXFileReference; lastKnownFileType = text.plist.xml; path = Info.plist; sourceTree = "<group>"; };
		282A1BC7235AC3FC001E1E06 /* BMI.swift */ = {isa = PBXFileReference; lastKnownFileType = sourcecode.swift; path = BMI.swift; sourceTree = "<group>"; };
		282A1BCA235AC505001E1E06 /* TestUIProgrammatically.swift */ = {isa = PBXFileReference; lastKnownFileType = sourcecode.swift; path = TestUIProgrammatically.swift; sourceTree = "<group>"; };
		282A1BCC235AD80B001E1E06 /* ResultViewController.swift */ = {isa = PBXFileReference; lastKnownFileType = sourcecode.swift; path = ResultViewController.swift; sourceTree = "<group>"; };
		28ACD5D8235AE47600350E80 /* CalculateBrain.swift */ = {isa = PBXFileReference; lastKnownFileType = sourcecode.swift; path = CalculateBrain.swift; sourceTree = "<group>"; };
		28F8799D235ADFD900B39792 /* CreditViewController.swift */ = {isa = PBXFileReference; lastKnownFileType = sourcecode.swift; path = CreditViewController.swift; sourceTree = "<group>"; };
/* End PBXFileReference section */

/* Begin PBXFrameworksBuildPhase section */
		282A1BAD235AB5A7001E1E06 /* Frameworks */ = {
			isa = PBXFrameworksBuildPhase;
			buildActionMask = 2147483647;
			files = (
			);
			runOnlyForDeploymentPostprocessing = 0;
		};
/* End PBXFrameworksBuildPhase section */

/* Begin PBXGroup section */
		282A1BA7235AB5A7001E1E06 = {
			isa = PBXGroup;
			children = (
				282A1BB2235AB5A7001E1E06 /* ios 13600200 week11 project2 */,
				282A1BB1235AB5A7001E1E06 /* Products */,
			);
			sourceTree = "<group>";
		};
		282A1BB1235AB5A7001E1E06 /* Products */ = {
			isa = PBXGroup;
			children = (
				282A1BB0235AB5A7001E1E06 /* ios 13600200 week11 project2.app */,
			);
			name = Products;
			sourceTree = "<group>";
		};
		282A1BB2235AB5A7001E1E06 /* ios 13600200 week11 project2 */ = {
			isa = PBXGroup;
			children = (
				282A1BB3235AB5A7001E1E06 /* AppDelegate.swift */,
				282A1BC5235AB5BC001E1E06 /* Controllers */,
				282A1BC6235AB5EC001E1E06 /* View */,
				282A1BBA235AB5A8001E1E06 /* Assets.xcassets */,
				282A1BBC235AB5A8001E1E06 /* LaunchScreen.storyboard */,
				282A1BBF235AB5A8001E1E06 /* Info.plist */,
				282A1BC9235AC40B001E1E06 /* Model */,
			);
			path = "ios 13600200 week11 project2";
			sourceTree = "<group>";
		};
		282A1BC5235AB5BC001E1E06 /* Controllers */ = {
			isa = PBXGroup;
			children = (
				282A1BB5235AB5A7001E1E06 /* CalculateViewController.swift */,
				282A1BCA235AC505001E1E06 /* TestUIProgrammatically.swift */,
				282A1BCC235AD80B001E1E06 /* ResultViewController.swift */,
				28F8799D235ADFD900B39792 /* CreditViewController.swift */,
			);
			path = Controllers;
			sourceTree = "<group>";
		};
		282A1BC6235AB5EC001E1E06 /* View */ = {
			isa = PBXGroup;
			children = (
				282A1BB7235AB5A7001E1E06 /* Main.storyboard */,
			);
			path = View;
			sourceTree = "<group>";
		};
		282A1BC9235AC40B001E1E06 /* Model */ = {
			isa = PBXGroup;
			children = (
				282A1BC7235AC3FC001E1E06 /* BMI.swift */,
				28ACD5D8235AE47600350E80 /* CalculateBrain.swift */,
			);
			path = Model;
			sourceTree = "<group>";
		};
/* End PBXGroup section */

/* Begin PBXNativeTarget section */
		282A1BAF235AB5A7001E1E06 /* ios 13600200 week11 project2 */ = {
			isa = PBXNativeTarget;
			buildConfigurationList = 282A1BC2235AB5A8001E1E06 /* Build configuration list for PBXNativeTarget "ios 13600200 week11 project2" */;
			buildPhases = (
				282A1BAC235AB5A7001E1E06 /* Sources */,
				282A1BAD235AB5A7001E1E06 /* Frameworks */,
				282A1BAE235AB5A7001E1E06 /* Resources */,
			);
			buildRules = (
			);
			dependencies = (
			);
			name = "ios 13600200 week11 project2";
			productName = "ios 13610328 week10 project2";
			productReference = 282A1BB0235AB5A7001E1E06 /* ios 13600200 week11 project2.app */;
			productType = "com.apple.product-type.application";
		};
/* End PBXNativeTarget section */

/* Begin PBXProject section */
		282A1BA8235AB5A7001E1E06 /* Project object */ = {
			isa = PBXProject;
			attributes = {
				LastSwiftUpdateCheck = 1030;
				LastUpgradeCheck = 1030;
				ORGANIZATIONNAME = Chutikarn;
				TargetAttributes = {
					282A1BAF235AB5A7001E1E06 = {
						CreatedOnToolsVersion = 10.3;
					};
				};
			};
			buildConfigurationList = 282A1BAB235AB5A7001E1E06 /* Build configuration list for PBXProject "ios 13600200 week11 project2" */;
			compatibilityVersion = "Xcode 9.3";
			developmentRegion = en;
			hasScannedForEncodings = 0;
			knownRegions = (
				en,
				Base,
			);
			mainGroup = 282A1BA7235AB5A7001E1E06;
			productRefGroup = 282A1BB1235AB5A7001E1E06 /* Products */;
			projectDirPath = "";
			projectRoot = "";
			targets = (
				282A1BAF235AB5A7001E1E06 /* ios 13600200 week11 project2 */,
			);
		};
/* End PBXProject section */

/* Begin PBXResourcesBuildPhase section */
		282A1BAE235AB5A7001E1E06 /* Resources */ = {
			isa = PBXResourcesBuildPhase;
			buildActionMask = 2147483647;
			files = (
				282A1BBE235AB5A8001E1E06 /* LaunchScreen.storyboard in Resources */,
				282A1BBB235AB5A8001E1E06 /* Assets.xcassets in Resources */,
				282A1BB9235AB5A7001E1E06 /* Main.storyboard in Resources */,
			);
			runOnlyForDeploymentPostprocessing = 0;
		};
/* End PBXResourcesBuildPhase section */

/* Begin PBXSourcesBuildPhase section */
		282A1BAC235AB5A7001E1E06 /* Sources */ = {
			isa = PBXSourcesBuildPhase;
			buildActionMask = 2147483647;
			files = (
				282A1BCD235AD80B001E1E06 /* ResultViewController.swift in Sources */,
				282A1BB6235AB5A7001E1E06 /* CalculateViewController.swift in Sources */,
				282A1BCB235AC505001E1E06 /* TestUIProgrammatically.swift in Sources */,
				282A1BC8235AC3FC001E1E06 /* BMI.swift in Sources */,
				282A1BB4235AB5A7001E1E06 /* AppDelegate.swift in Sources */,
				28F8799E235ADFD900B39792 /* CreditViewController.swift in Sources */,
				28ACD5D9235AE47600350E80 /* CalculateBrain.swift in Sources */,
			);
			runOnlyForDeploymentPostprocessing = 0;
		};
/* End PBXSourcesBuildPhase section */

/* Begin PBXVariantGroup section */
		282A1BB7235AB5A7001E1E06 /* Main.storyboard */ = {
			isa = PBXVariantGroup;
			children = (
				282A1BB8235AB5A7001E1E06 /* Base */,
			);
			name = Main.storyboard;
			sourceTree = "<group>";
		};
		282A1BBC235AB5A8001E1E06 /* LaunchScreen.storyboard */ = {
			isa = PBXVariantGroup;
			children = (
				282A1BBD235AB5A8001E1E06 /* Base */,
			);
			name = LaunchScreen.storyboard;
			sourceTree = "<group>";
		};
/* End PBXVariantGroup section */

/* Begin XCBuildConfiguration section */
		282A1BC0235AB5A8001E1E06 /* Debug */ = {
			isa = XCBuildConfiguration;
			buildSettings = {
				ALWAYS_SEARCH_USER_PATHS = NO;
				CLANG_ANALYZER_NONNULL = YES;
				CLANG_ANALYZER_NUMBER_OBJECT_CONVERSION = YES_AGGRESSIVE;
				CLANG_CXX_LANGUAGE_STANDARD = "gnu++14";
				CLANG_CXX_LIBRARY = "libc++";
				CLANG_ENABLE_MODULES = YES;
				CLANG_ENABLE_OBJC_ARC = YES;
				CLANG_ENABLE_OBJC_WEAK = YES;
				CLANG_WARN_BLOCK_CAPTURE_AUTORELEASING = YES;
				CLANG_WARN_BOOL_CONVERSION = YES;
				CLANG_WARN_COMMA = YES;
				CLANG_WARN_CONSTANT_CONVERSION = YES;
				CLANG_WARN_DEPRECATED_OBJC_IMPLEMENTATIONS = YES;
				CLANG_WARN_DIRECT_OBJC_ISA_USAGE = YES_ERROR;
				CLANG_WARN_DOCUMENTATION_COMMENTS = YES;
				CLANG_WARN_EMPTY_BODY = YES;
				CLANG_WARN_ENUM_CONVERSION = YES;
				CLANG_WARN_INFINITE_RECURSION = YES;
				CLANG_WARN_INT_CONVERSION = YES;
				CLANG_WARN_NON_LITERAL_NULL_CONVERSION = YES;
				CLANG_WARN_OBJC_IMPLICIT_RETAIN_SELF = YES;
				CLANG_WARN_OBJC_LITERAL_CONVERSION = YES;
				CLANG_WARN_OBJC_ROOT_CLASS = YES_ERROR;
				CLANG_WARN_RANGE_LOOP_ANALYSIS = YES;
				CLANG_WARN_STRICT_PROTOTYPES = YES;
				CLANG_WARN_SUSPICIOUS_MOVE = YES;
				CLANG_WARN_UNGUARDED_AVAILABILITY = YES_AGGRESSIVE;
				CLANG_WARN_UNREACHABLE_CODE = YES;
				CLANG_WARN__DUPLICATE_METHOD_MATCH = YES;
				CODE_SIGN_IDENTITY = "iPhone Developer";
				COPY_PHASE_STRIP = NO;
				DEBUG_INFORMATION_FORMAT = dwarf;
				ENABLE_STRICT_OBJC_MSGSEND = YES;
				ENABLE_TESTABILITY = YES;
				GCC_C_LANGUAGE_STANDARD = gnu11;
				GCC_DYNAMIC_NO_PIC = NO;
				GCC_NO_COMMON_BLOCKS = YES;
				GCC_OPTIMIZATION_LEVEL = 0;
				GCC_PREPROCESSOR_DEFINITIONS = (
					"DEBUG=1",
					"$(inherited)",
				);
				GCC_WARN_64_TO_32_BIT_CONVERSION = YES;
				GCC_WARN_ABOUT_RETURN_TYPE = YES_ERROR;
				GCC_WARN_UNDECLARED_SELECTOR = YES;
				GCC_WARN_UNINITIALIZED_AUTOS = YES_AGGRESSIVE;
				GCC_WARN_UNUSED_FUNCTION = YES;
				GCC_WARN_UNUSED_VARIABLE = YES;
				IPHONEOS_DEPLOYMENT_TARGET = 12.4;
				MTL_ENABLE_DEBUG_INFO = INCLUDE_SOURCE;
				MTL_FAST_MATH = YES;
				ONLY_ACTIVE_ARCH = YES;
				SDKROOT = iphoneos;
				SWIFT_ACTIVE_COMPILATION_CONDITIONS = DEBUG;
				SWIFT_OPTIMIZATION_LEVEL = "-Onone";
			};
			name = Debug;
		};
		282A1BC1235AB5A8001E1E06 /* Release */ = {
			isa = XCBuildConfiguration;
			buildSettings = {
				ALWAYS_SEARCH_USER_PATHS = NO;
				CLANG_ANALYZER_NONNULL = YES;
				CLANG_ANALYZER_NUMBER_OBJECT_CONVERSION = YES_AGGRESSIVE;
				CLANG_CXX_LANGUAGE_STANDARD = "gnu++14";
				CLANG_CXX_LIBRARY = "libc++";
				CLANG_ENABLE_MODULES = YES;
				CLANG_ENABLE_OBJC_ARC = YES;
				CLANG_ENABLE_OBJC_WEAK = YES;
				CLANG_WARN_BLOCK_CAPTURE_AUTORELEASING = YES;
				CLANG_WARN_BOOL_CONVERSION = YES;
				CLANG_WARN_COMMA = YES;
				CLANG_WARN_CONSTANT_CONVERSION = YES;
				CLANG_WARN_DEPRECATED_OBJC_IMPLEMENTATIONS = YES;
				CLANG_WARN_DIRECT_OBJC_ISA_USAGE = YES_ERROR;
				CLANG_WARN_DOCUMENTATION_COMMENTS = YES;
				CLANG_WARN_EMPTY_BODY = YES;
				CLANG_WARN_ENUM_CONVERSION = YES;
				CLANG_WARN_INFINITE_RECURSION = YES;
				CLANG_WARN_INT_CONVERSION = YES;
				CLANG_WARN_NON_LITERAL_NULL_CONVERSION = YES;
				CLANG_WARN_OBJC_IMPLICIT_RETAIN_SELF = YES;
				CLANG_WARN_OBJC_LITERAL_CONVERSION = YES;
				CLANG_WARN_OBJC_ROOT_CLASS = YES_ERROR;
				CLANG_WARN_RANGE_LOOP_ANALYSIS = YES;
				CLANG_WARN_STRICT_PROTOTYPES = YES;
				CLANG_WARN_SUSPICIOUS_MOVE = YES;
				CLANG_WARN_UNGUARDED_AVAILABILITY = YES_AGGRESSIVE;
				CLANG_WARN_UNREACHABLE_CODE = YES;
				CLANG_WARN__DUPLICATE_METHOD_MATCH = YES;
				CODE_SIGN_IDENTITY = "iPhone Developer";
				COPY_PHASE_STRIP = NO;
				DEBUG_INFORMATION_FORMAT = "dwarf-with-dsym";
				ENABLE_NS_ASSERTIONS = NO;
				ENABLE_STRICT_OBJC_MSGSEND = YES;
				GCC_C_LANGUAGE_STANDARD = gnu11;
				GCC_NO_COMMON_BLOCKS = YES;
				GCC_WARN_64_TO_32_BIT_CONVERSION = YES;
				GCC_WARN_ABOUT_RETURN_TYPE = YES_ERROR;
				GCC_WARN_UNDECLARED_SELECTOR = YES;
				GCC_WARN_UNINITIALIZED_AUTOS = YES_AGGRESSIVE;
				GCC_WARN_UNUSED_FUNCTION = YES;
				GCC_WARN_UNUSED_VARIABLE = YES;
				IPHONEOS_DEPLOYMENT_TARGET = 12.4;
				MTL_ENABLE_DEBUG_INFO = NO;
				MTL_FAST_MATH = YES;
				SDKROOT = iphoneos;
				SWIFT_COMPILATION_MODE = wholemodule;
				SWIFT_OPTIMIZATION_LEVEL = "-O";
				VALIDATE_PRODUCT = YES;
			};
			name = Release;
		};
		282A1BC3235AB5A8001E1E06 /* Debug */ = {
			isa = XCBuildConfiguration;
			buildSettings = {
				ASSETCATALOG_COMPILER_APPICON_NAME = AppIcon;
				CODE_SIGN_STYLE = Automatic;
				INFOPLIST_FILE = "$(SRCROOT)/ios 13600200 week11 project2/Info.plist";
				LD_RUNPATH_SEARCH_PATHS = (
					"$(inherited)",
					"@executable_path/Frameworks",
				);
				PRODUCT_BUNDLE_IDENTIFIER = "th.ac.su.ict.Maneeboonya.ios-13600200week11-project1-bmi";
				PRODUCT_NAME = "$(TARGET_NAME)";
				SWIFT_VERSION = 5.0;
				TARGETED_DEVICE_FAMILY = 1;
			};
			name = Debug;
		};
		282A1BC4235AB5A8001E1E06 /* Release */ = {
			isa = XCBuildConfiguration;
			buildSettings = {
				ASSETCATALOG_COMPILER_APPICON_NAME = AppIcon;
				CODE_SIGN_STYLE = Automatic;
				INFOPLIST_FILE = "$(SRCROOT)/ios 13600200 week11 project2/Info.plist";
				LD_RUNPATH_SEARCH_PATHS = (
					"$(inherited)",
					"@executable_path/Frameworks",
				);
				PRODUCT_BUNDLE_IDENTIFIER = "th.ac.su.ict.Maneeboonya.ios-13600200week11-project1-bmi";
				PRODUCT_NAME = "$(TARGET_NAME)";
				SWIFT_VERSION = 5.0;
				TARGETED_DEVICE_FAMILY = 1;
			};
			name = Release;
		};
/* End XCBuildConfiguration section */

/* Begin XCConfigurationList section */
		282A1BAB235AB5A7001E1E06 /* Build configuration list for PBXProject "ios 13600200 week11 project2" */ = {
			isa = XCConfigurationList;
			buildConfigurations = (
				282A1BC0235AB5A8001E1E06 /* Debug */,
				282A1BC1235AB5A8001E1E06 /* Release */,
			);
			defaultConfigurationIsVisible = 0;
			defaultConfigurationName = Release;
		};
		282A1BC2235AB5A8001E1E06 /* Build configuration list for PBXNativeTarget "ios 13600200 week11 project2" */ = {
			isa = XCConfigurationList;
			buildConfigurations = (
				282A1BC3235AB5A8001E1E06 /* Debug */,
				282A1BC4235AB5A8001E1E06 /* Release */,
			);
			defaultConfigurationIsVisible = 0;
			defaultConfigurationName = Release;
		};
/* End XCConfigurationList section */
	};
	rootObject = 282A1BA8235AB5A7001E1E06 /* Project object */;
}
